
Microsoft Visual Studio Solution File, Format Version 12.00
# Visual Studio 15
VisualStudioVersion = 15.0.28307.852
MinimumVisualStudioVersion = 10.0.40219.1
Project("{FAE04EC0-301F-11D3-BF4B-00C04F79EFBC}") = "CalculaodraGrid", "CalculaodraGrid\CalculaodraGrid.csproj", "{6DE3B696-2E2E-484B-9361-4A5EE2CD133F}"
EndProject
Global
	GlobalSection(SolutionConfigurationPlatforms) = preSolution
		Debug|Any CPU = Debug|Any CPU
		Release|Any CPU = Release|Any CPU
	EndGlobalSection
	GlobalSection(ProjectConfigurationPlatforms) = postSolution
		{6DE3B696-2E2E-484B-9361-4A5EE2CD133F}.Debug|Any CPU.ActiveCfg = Debug|Any CPU
		{6DE3B696-2E2E-484B-9361-4A5EE2CD133F}.Debug|Any CPU.Build.0 = Debug|Any CPU
		{6DE3B696-2E2E-484B-9361-4A5EE2CD133F}.Release|Any CPU.ActiveCfg = Release|Any CPU
		{6DE3B696-2E2E-484B-9361-4A5EE2CD133F}.Release|Any CPU.Build.0 = Release|Any CPU
	EndGlobalSection
	GlobalSection(SolutionProperties) = preSolution
		HideSolutionNode = FALSE
	EndGlobalSection
	GlobalSection(ExtensibilityGlobals) = postSolution
		SolutionGuid = {9E7E8629-9D45-4D18-B442-27A60A3251B0}
	EndGlobalSection
EndGlobal
